// !$*UTF8*$!
{
	archiveVersion = 1;
	classes = {
	};
	objectVersion = 48;
	objects = {

/* Begin PBXBuildFile section */
		1D442BF6200B8FC300590298 /* AppDelegate.swift in Sources */ = {isa = PBXBuildFile; fileRef = 1D442BF5200B8FC300590298 /* AppDelegate.swift */; };
		1D442BF8200B8FC300590298 /* TopicsViewController.swift in Sources */ = {isa = PBXBuildFile; fileRef = 1D442BF7200B8FC300590298 /* TopicsViewController.swift */; };
		1D442BFB200B8FC300590298 /* Main.storyboard in Resources */ = {isa = PBXBuildFile; fileRef = 1D442BF9200B8FC300590298 /* Main.storyboard */; };
		1D442BFD200B8FC300590298 /* Assets.xcassets in Resources */ = {isa = PBXBuildFile; fileRef = 1D442BFC200B8FC300590298 /* Assets.xcassets */; };
		1D442C00200B8FC300590298 /* LaunchScreen.storyboard in Resources */ = {isa = PBXBuildFile; fileRef = 1D442BFE200B8FC300590298 /* LaunchScreen.storyboard */; };
		1D442C17200B902400590298 /* TopicTest.swift in Sources */ = {isa = PBXBuildFile; fileRef = 1D442C16200B902400590298 /* TopicTest.swift */; };
		1D442C19200B930D00590298 /* Topic.swift in Sources */ = {isa = PBXBuildFile; fileRef = 1D442C18200B930D00590298 /* Topic.swift */; };
		1D442C1B200B96F500590298 /* TopicsViewControllerTest.swift in Sources */ = {isa = PBXBuildFile; fileRef = 1D442C1A200B96F500590298 /* TopicsViewControllerTest.swift */; };
/* End PBXBuildFile section */

/* Begin PBXContainerItemProxy section */
		1D442C07200B8FC300590298 /* PBXContainerItemProxy */ = {
			isa = PBXContainerItemProxy;
			containerPortal = 1D442BEA200B8FC300590298 /* Project object */;
			proxyType = 1;
			remoteGlobalIDString = 1D442BF1200B8FC300590298;
			remoteInfo = RetroTopics;
		};
/* End PBXContainerItemProxy section */

/* Begin PBXFileReference section */
		1D442BF2200B8FC300590298 /* RetroTopics.app */ = {isa = PBXFileReference; explicitFileType = wrapper.application; includeInIndex = 0; path = RetroTopics.app; sourceTree = BUILT_PRODUCTS_DIR; };
		1D442BF5200B8FC300590298 /* AppDelegate.swift */ = {isa = PBXFileReference; lastKnownFileType = sourcecode.swift; path = AppDelegate.swift; sourceTree = "<group>"; };
		1D442BF7200B8FC300590298 /* TopicsViewController.swift */ = {isa = PBXFileReference; lastKnownFileType = sourcecode.swift; path = TopicsViewController.swift; sourceTree = "<group>"; };
		1D442BFA200B8FC300590298 /* Base */ = {isa = PBXFileReference; lastKnownFileType = file.storyboard; name = Base; path = Base.lproj/Main.storyboard; sourceTree = "<group>"; };
		1D442BFC200B8FC300590298 /* Assets.xcassets */ = {isa = PBXFileReference; lastKnownFileType = folder.assetcatalog; path = Assets.xcassets; sourceTree = "<group>"; };
		1D442BFF200B8FC300590298 /* Base */ = {isa = PBXFileReference; lastKnownFileType = file.storyboard; name = Base; path = Base.lproj/LaunchScreen.storyboard; sourceTree = "<group>"; };
		1D442C01200B8FC300590298 /* Info.plist */ = {isa = PBXFileReference; lastKnownFileType = text.plist.xml; path = Info.plist; sourceTree = "<group>"; };
		1D442C06200B8FC300590298 /* RetroTopicsTests.xctest */ = {isa = PBXFileReference; explicitFileType = wrapper.cfbundle; includeInIndex = 0; path = RetroTopicsTests.xctest; sourceTree = BUILT_PRODUCTS_DIR; };
		1D442C0C200B8FC300590298 /* Info.plist */ = {isa = PBXFileReference; lastKnownFileType = text.plist.xml; path = Info.plist; sourceTree = "<group>"; };
		1D442C15200B902300590298 /* RetroTopicsTests-Bridging-Header.h */ = {isa = PBXFileReference; lastKnownFileType = sourcecode.c.h; path = "RetroTopicsTests-Bridging-Header.h"; sourceTree = "<group>"; };
		1D442C16200B902400590298 /* TopicTest.swift */ = {isa = PBXFileReference; lastKnownFileType = sourcecode.swift; path = TopicTest.swift; sourceTree = "<group>"; };
		1D442C18200B930D00590298 /* Topic.swift */ = {isa = PBXFileReference; lastKnownFileType = sourcecode.swift; path = Topic.swift; sourceTree = "<group>"; };
		1D442C1A200B96F500590298 /* TopicsViewControllerTest.swift */ = {isa = PBXFileReference; lastKnownFileType = sourcecode.swift; path = TopicsViewControllerTest.swift; sourceTree = "<group>"; };
/* End PBXFileReference section */

/* Begin PBXFrameworksBuildPhase section */
		1D442BEF200B8FC300590298 /* Frameworks */ = {
			isa = PBXFrameworksBuildPhase;
			buildActionMask = 2147483647;
			files = (
			);
			runOnlyForDeploymentPostprocessing = 0;
		};
		1D442C03200B8FC300590298 /* Frameworks */ = {
			isa = PBXFrameworksBuildPhase;
			buildActionMask = 2147483647;
			files = (
			);
			runOnlyForDeploymentPostprocessing = 0;
		};
/* End PBXFrameworksBuildPhase section */

/* Begin PBXGroup section */
		1D442BE9200B8FC300590298 = {
			isa = PBXGroup;
			children = (
				1D442BF4200B8FC300590298 /* RetroTopics */,
				1D442C09200B8FC300590298 /* RetroTopicsTests */,
				1D442BF3200B8FC300590298 /* Products */,
			);
			sourceTree = "<group>";
		};
		1D442BF3200B8FC300590298 /* Products */ = {
			isa = PBXGroup;
			children = (
				1D442BF2200B8FC300590298 /* RetroTopics.app */,
				1D442C06200B8FC300590298 /* RetroTopicsTests.xctest */,
			);
			name = Products;
			sourceTree = "<group>";
		};
		1D442BF4200B8FC300590298 /* RetroTopics */ = {
			isa = PBXGroup;
			children = (
				1D442BF5200B8FC300590298 /* AppDelegate.swift */,
				1D442C18200B930D00590298 /* Topic.swift */,
				1D442BF7200B8FC300590298 /* TopicsViewController.swift */,
				1D442BF9200B8FC300590298 /* Main.storyboard */,
				1D442BFC200B8FC300590298 /* Assets.xcassets */,
				1D442BFE200B8FC300590298 /* LaunchScreen.storyboard */,
				1D442C01200B8FC300590298 /* Info.plist */,
			);
			path = RetroTopics;
			sourceTree = "<group>";
		};
		1D442C09200B8FC300590298 /* RetroTopicsTests */ = {
			isa = PBXGroup;
			children = (
				1D442C0C200B8FC300590298 /* Info.plist */,
				1D442C16200B902400590298 /* TopicTest.swift */,
				1D442C1A200B96F500590298 /* TopicsViewControllerTest.swift */,
				1D442C15200B902300590298 /* RetroTopicsTests-Bridging-Header.h */,
			);
			path = RetroTopicsTests;
			sourceTree = "<group>";
		};
/* End PBXGroup section */

/* Begin PBXNativeTarget section */
		1D442BF1200B8FC300590298 /* RetroTopics */ = {
			isa = PBXNativeTarget;
			buildConfigurationList = 1D442C0F200B8FC300590298 /* Build configuration list for PBXNativeTarget "RetroTopics" */;
			buildPhases = (
				1D442BEE200B8FC300590298 /* Sources */,
				1D442BEF200B8FC300590298 /* Frameworks */,
				1D442BF0200B8FC300590298 /* Resources */,
			);
			buildRules = (
			);
			dependencies = (
			);
			name = RetroTopics;
			productName = RetroTopics;
			productReference = 1D442BF2200B8FC300590298 /* RetroTopics.app */;
			productType = "com.apple.product-type.application";
		};
		1D442C05200B8FC300590298 /* RetroTopicsTests */ = {
			isa = PBXNativeTarget;
			buildConfigurationList = 1D442C12200B8FC300590298 /* Build configuration list for PBXNativeTarget "RetroTopicsTests" */;
			buildPhases = (
				1D442C02200B8FC300590298 /* Sources */,
				1D442C03200B8FC300590298 /* Frameworks */,
				1D442C04200B8FC300590298 /* Resources */,
			);
			buildRules = (
			);
			dependencies = (
				1D442C08200B8FC300590298 /* PBXTargetDependency */,
			);
			name = RetroTopicsTests;
			productName = RetroTopicsTests;
			productReference = 1D442C06200B8FC300590298 /* RetroTopicsTests.xctest */;
			productType = "com.apple.product-type.bundle.unit-test";
		};
/* End PBXNativeTarget section */

/* Begin PBXProject section */
		1D442BEA200B8FC300590298 /* Project object */ = {
			isa = PBXProject;
			attributes = {
				LastSwiftUpdateCheck = 0920;
				LastUpgradeCheck = 0920;
				ORGANIZATIONNAME = cesare.io;
				TargetAttributes = {
					1D442BF1200B8FC300590298 = {
						CreatedOnToolsVersion = 9.2;
						ProvisioningStyle = Automatic;
					};
					1D442C05200B8FC300590298 = {
						CreatedOnToolsVersion = 9.2;
						LastSwiftMigration = 0920;
						ProvisioningStyle = Automatic;
						TestTargetID = 1D442BF1200B8FC300590298;
					};
				};
			};
			buildConfigurationList = 1D442BED200B8FC300590298 /* Build configuration list for PBXProject "RetroTopics" */;
			compatibilityVersion = "Xcode 8.0";
			developmentRegion = en;
			hasScannedForEncodings = 0;
			knownRegions = (
				en,
				Base,
			);
			mainGroup = 1D442BE9200B8FC300590298;
			productRefGroup = 1D442BF3200B8FC300590298 /* Products */;
			projectDirPath = "";
			projectRoot = "";
			targets = (
				1D442BF1200B8FC300590298 /* RetroTopics */,
				1D442C05200B8FC300590298 /* RetroTopicsTests */,
			);
		};
/* End PBXProject section */

/* Begin PBXResourcesBuildPhase section */
		1D442BF0200B8FC300590298 /* Resources */ = {
			isa = PBXResourcesBuildPhase;
			buildActionMask = 2147483647;
			files = (
				1D442C00200B8FC300590298 /* LaunchScreen.storyboard in Resources */,
				1D442BFD200B8FC300590298 /* Assets.xcassets in Resources */,
				1D442BFB200B8FC300590298 /* Main.storyboard in Resources */,
			);
			runOnlyForDeploymentPostprocessing = 0;
		};
		1D442C04200B8FC300590298 /* Resources */ = {
			isa = PBXResourcesBuildPhase;
			buildActionMask = 2147483647;
			files = (
			);
			runOnlyForDeploymentPostprocessing = 0;
		};
/* End PBXResourcesBuildPhase section */

/* Begin PBXSourcesBuildPhase section */
		1D442BEE200B8FC300590298 /* Sources */ = {
			isa = PBXSourcesBuildPhase;
			buildActionMask = 2147483647;
			files = (
				1D442BF8200B8FC300590298 /* TopicsViewController.swift in Sources */,
				1D442C19200B930D00590298 /* Topic.swift in Sources */,
				1D442BF6200B8FC300590298 /* AppDelegate.swift in Sources */,
			);
			runOnlyForDeploymentPostprocessing = 0;
		};
		1D442C02200B8FC300590298 /* Sources */ = {
			isa = PBXSourcesBuildPhase;
			buildActionMask = 2147483647;
			files = (
				1D442C1B200B96F500590298 /* TopicsViewControllerTest.swift in Sources */,
				1D442C17200B902400590298 /* TopicTest.swift in Sources */,
			);
			runOnlyForDeploymentPostprocessing = 0;
		};
/* End PBXSourcesBuildPhase section */

/* Begin PBXTargetDependency section */
		1D442C08200B8FC300590298 /* PBXTargetDependency */ = {
			isa = PBXTargetDependency;
			target = 1D442BF1200B8FC300590298 /* RetroTopics */;
			targetProxy = 1D442C07200B8FC300590298 /* PBXContainerItemProxy */;
		};
/* End PBXTargetDependency section */

/* Begin PBXVariantGroup section */
		1D442BF9200B8FC300590298 /* Main.storyboard */ = {
			isa = PBXVariantGroup;
			children = (
				1D442BFA200B8FC300590298 /* Base */,
			);
			name = Main.storyboard;
			sourceTree = "<group>";
		};
		1D442BFE200B8FC300590298 /* LaunchScreen.storyboard */ = {
			isa = PBXVariantGroup;
			children = (
				1D442BFF200B8FC300590298 /* Base */,
			);
			name = LaunchScreen.storyboard;
			sourceTree = "<group>";
		};
/* End PBXVariantGroup section */

/* Begin XCBuildConfiguration section */
		1D442C0D200B8FC300590298 /* Debug */ = {
			isa = XCBuildConfiguration;
			buildSettings = {
				ALWAYS_SEARCH_USER_PATHS = NO;
				CLANG_ANALYZER_NONNULL = YES;
				CLANG_ANALYZER_NUMBER_OBJECT_CONVERSION = YES_AGGRESSIVE;
				CLANG_CXX_LANGUAGE_STANDARD = "gnu++14";
				CLANG_CXX_LIBRARY = "libc++";
				CLANG_ENABLE_MODULES = YES;
				CLANG_ENABLE_OBJC_ARC = YES;
				CLANG_WARN_BLOCK_CAPTURE_AUTORELEASING = YES;
				CLANG_WARN_BOOL_CONVERSION = YES;
				CLANG_WARN_COMMA = YES;
				CLANG_WARN_CONSTANT_CONVERSION = YES;
				CLANG_WARN_DIRECT_OBJC_ISA_USAGE = YES_ERROR;
				CLANG_WARN_DOCUMENTATION_COMMENTS = YES;
				CLANG_WARN_EMPTY_BODY = YES;
				CLANG_WARN_ENUM_CONVERSION = YES;
				CLANG_WARN_INFINITE_RECURSION = YES;
				CLANG_WARN_INT_CONVERSION = YES;
				CLANG_WARN_NON_LITERAL_NULL_CONVERSION = YES;
				CLANG_WARN_OBJC_LITERAL_CONVERSION = YES;
				CLANG_WARN_OBJC_ROOT_CLASS = YES_ERROR;
				CLANG_WARN_RANGE_LOOP_ANALYSIS = YES;
				CLANG_WARN_STRICT_PROTOTYPES = YES;
				CLANG_WARN_SUSPICIOUS_MOVE = YES;
				CLANG_WARN_UNGUARDED_AVAILABILITY = YES_AGGRESSIVE;
				CLANG_WARN_UNREACHABLE_CODE = YES;
				CLANG_WARN__DUPLICATE_METHOD_MATCH = YES;
				CODE_SIGN_IDENTITY = "iPhone Developer";
				COPY_PHASE_STRIP = NO;
				DEBUG_INFORMATION_FORMAT = dwarf;
				ENABLE_STRICT_OBJC_MSGSEND = YES;
				ENABLE_TESTABILITY = YES;
				GCC_C_LANGUAGE_STANDARD = gnu11;
				GCC_DYNAMIC_NO_PIC = NO;
				GCC_NO_COMMON_BLOCKS = YES;
				GCC_OPTIMIZATION_LEVEL = 0;
				GCC_PREPROCESSOR_DEFINITIONS = (
					"DEBUG=1",
					"$(inherited)",
				);
				GCC_WARN_64_TO_32_BIT_CONVERSION = YES;
				GCC_WARN_ABOUT_RETURN_TYPE = YES_ERROR;
				GCC_WARN_UNDECLARED_SELECTOR = YES;
				GCC_WARN_UNINITIALIZED_AUTOS = YES_AGGRESSIVE;
				GCC_WARN_UNUSED_FUNCTION = YES;
				GCC_WARN_UNUSED_VARIABLE = YES;
				IPHONEOS_DEPLOYMENT_TARGET = 11.2;
				MTL_ENABLE_DEBUG_INFO = YES;
				ONLY_ACTIVE_ARCH = YES;
				SDKROOT = iphoneos;
				SWIFT_ACTIVE_COMPILATION_CONDITIONS = DEBUG;
				SWIFT_OPTIMIZATION_LEVEL = "-Onone";
			};
			name = Debug;
		};
		1D442C0E200B8FC300590298 /* Release */ = {
			isa = XCBuildConfiguration;
			buildSettings = {
				ALWAYS_SEARCH_USER_PATHS = NO;
				CLANG_ANALYZER_NONNULL = YES;
				CLANG_ANALYZER_NUMBER_OBJECT_CONVERSION = YES_AGGRESSIVE;
				CLANG_CXX_LANGUAGE_STANDARD = "gnu++14";
				CLANG_CXX_LIBRARY = "libc++";
				CLANG_ENABLE_MODULES = YES;
				CLANG_ENABLE_OBJC_ARC = YES;
				CLANG_WARN_BLOCK_CAPTURE_AUTORELEASING = YES;
				CLANG_WARN_BOOL_CONVERSION = YES;
				CLANG_WARN_COMMA = YES;
				CLANG_WARN_CONSTANT_CONVERSION = YES;
				CLANG_WARN_DIRECT_OBJC_ISA_USAGE = YES_ERROR;
				CLANG_WARN_DOCUMENTATION_COMMENTS = YES;
				CLANG_WARN_EMPTY_BODY = YES;
				CLANG_WARN_ENUM_CONVERSION = YES;
				CLANG_WARN_INFINITE_RECURSION = YES;
				CLANG_WARN_INT_CONVERSION = YES;
				CLANG_WARN_NON_LITERAL_NULL_CONVERSION = YES;
				CLANG_WARN_OBJC_LITERAL_CONVERSION = YES;
				CLANG_WARN_OBJC_ROOT_CLASS = YES_ERROR;
				CLANG_WARN_RANGE_LOOP_ANALYSIS = YES;
				CLANG_WARN_STRICT_PROTOTYPES = YES;
				CLANG_WARN_SUSPICIOUS_MOVE = YES;
				CLANG_WARN_UNGUARDED_AVAILABILITY = YES_AGGRESSIVE;
				CLANG_WARN_UNREACHABLE_CODE = YES;
				CLANG_WARN__DUPLICATE_METHOD_MATCH = YES;
				CODE_SIGN_IDENTITY = "iPhone Developer";
				COPY_PHASE_STRIP = NO;
				DEBUG_INFORMATION_FORMAT = "dwarf-with-dsym";
				ENABLE_NS_ASSERTIONS = NO;
				ENABLE_STRICT_OBJC_MSGSEND = YES;
				GCC_C_LANGUAGE_STANDARD = gnu11;
				GCC_NO_COMMON_BLOCKS = YES;
				GCC_WARN_64_TO_32_BIT_CONVERSION = YES;
				GCC_WARN_ABOUT_RETURN_TYPE = YES_ERROR;
				GCC_WARN_UNDECLARED_SELECTOR = YES;
				GCC_WARN_UNINITIALIZED_AUTOS = YES_AGGRESSIVE;
				GCC_WARN_UNUSED_FUNCTION = YES;
				GCC_WARN_UNUSED_VARIABLE = YES;
				IPHONEOS_DEPLOYMENT_TARGET = 11.2;
				MTL_ENABLE_DEBUG_INFO = NO;
				SDKROOT = iphoneos;
				SWIFT_OPTIMIZATION_LEVEL = "-Owholemodule";
				VALIDATE_PRODUCT = YES;
			};
			name = Release;
		};
		1D442C10200B8FC300590298 /* Debug */ = {
			isa = XCBuildConfiguration;
			buildSettings = {
				ASSETCATALOG_COMPILER_APPICON_NAME = AppIcon;
				CODE_SIGN_STYLE = Automatic;
				DEVELOPMENT_TEAM = G99G8858YN;
				INFOPLIST_FILE = RetroTopics/Info.plist;
				LD_RUNPATH_SEARCH_PATHS = "$(inherited) @executable_path/Frameworks";
				PRODUCT_BUNDLE_IDENTIFIER = com.cesaredecal.RetroTopics;
				PRODUCT_NAME = "$(TARGET_NAME)";
				SWIFT_VERSION = 4.0;
				TARGETED_DEVICE_FAMILY = "1,2";
			};
			name = Debug;
		};
		1D442C11200B8FC300590298 /* Release */ = {
			isa = XCBuildConfiguration;
			buildSettings = {
				ASSETCATALOG_COMPILER_APPICON_NAME = AppIcon;
				CODE_SIGN_STYLE = Automatic;
				DEVELOPMENT_TEAM = G99G8858YN;
				INFOPLIST_FILE = RetroTopics/Info.plist;
				LD_RUNPATH_SEARCH_PATHS = "$(inherited) @executable_path/Frameworks";
				PRODUCT_BUNDLE_IDENTIFIER = com.cesaredecal.RetroTopics;
				PRODUCT_NAME = "$(TARGET_NAME)";
				SWIFT_VERSION = 4.0;
				TARGETED_DEVICE_FAMILY = "1,2";
			};
			name = Release;
		};
		1D442C13200B8FC300590298 /* Debug */ = {
			isa = XCBuildConfiguration;
			buildSettings = {
				ALWAYS_EMBED_SWIFT_STANDARD_LIBRARIES = YES;
				BUNDLE_LOADER = "$(TEST_HOST)";
				CLANG_ENABLE_MODULES = YES;
				CODE_SIGN_STYLE = Automatic;
				DEVELOPMENT_TEAM = G99G8858YN;
				INFOPLIST_FILE = RetroTopicsTests/Info.plist;
				LD_RUNPATH_SEARCH_PATHS = "$(inherited) @executable_path/Frameworks @loader_path/Frameworks";
				PRODUCT_BUNDLE_IDENTIFIER = com.cesaredecal.RetroTopicsTests;
				PRODUCT_NAME = "$(TARGET_NAME)";
				SWIFT_OBJC_BRIDGING_HEADER = "RetroTopicsTests/RetroTopicsTests-Bridging-Header.h";
				SWIFT_OPTIMIZATION_LEVEL = "-Onone";
				SWIFT_VERSION = 4.0;
				TARGETED_DEVICE_FAMILY = "1,2";
				TEST_HOST = "$(BUILT_PRODUCTS_DIR)/RetroTopics.app/RetroTopics";
			};
			name = Debug;
		};
		1D442C14200B8FC300590298 /* Release */ = {
			isa = XCBuildConfiguration;
			buildSettings = {
				ALWAYS_EMBED_SWIFT_STANDARD_LIBRARIES = YES;
				BUNDLE_LOADER = "$(TEST_HOST)";
				CLANG_ENABLE_MODULES = YES;
				CODE_SIGN_STYLE = Automatic;
				DEVELOPMENT_TEAM = G99G8858YN;
				INFOPLIST_FILE = RetroTopicsTests/Info.plist;
				LD_RUNPATH_SEARCH_PATHS = "$(inherited) @executable_path/Frameworks @loader_path/Frameworks";
				PRODUCT_BUNDLE_IDENTIFIER = com.cesaredecal.RetroTopicsTests;
				PRODUCT_NAME = "$(TARGET_NAME)";
				SWIFT_OBJC_BRIDGING_HEADER = "RetroTopicsTests/RetroTopicsTests-Bridging-Header.h";
				SWIFT_VERSION = 4.0;
				TARGETED_DEVICE_FAMILY = "1,2";
				TEST_HOST = "$(BUILT_PRODUCTS_DIR)/RetroTopics.app/RetroTopics";
			};
			name = Release;
		};
/* End XCBuildConfiguration section */

/* Begin XCConfigurationList section */
		1D442BED200B8FC300590298 /* Build configuration list for PBXProject "RetroTopics" */ = {
			isa = XCConfigurationList;
			buildConfigurations = (
				1D442C0D200B8FC300590298 /* Debug */,
				1D442C0E200B8FC300590298 /* Release */,
			);
			defaultConfigurationIsVisible = 0;
			defaultConfigurationName = Release;
		};
		1D442C0F200B8FC300590298 /* Build configuration list for PBXNativeTarget "RetroTopics" */ = {
			isa = XCConfigurationList;
			buildConfigurations = (
				1D442C10200B8FC300590298 /* Debug */,
				1D442C11200B8FC300590298 /* Release */,
			);
			defaultConfigurationIsVisible = 0;
			defaultConfigurationName = Release;
		};
		1D442C12200B8FC300590298 /* Build configuration list for PBXNativeTarget "RetroTopicsTests" */ = {
			isa = XCConfigurationList;
			buildConfigurations = (
				1D442C13200B8FC300590298 /* Debug */,
				1D442C14200B8FC300590298 /* Release */,
			);
			defaultConfigurationIsVisible = 0;
			defaultConfigurationName = Release;
		};
/* End XCConfigurationList section */
	};
	rootObject = 1D442BEA200B8FC300590298 /* Project object */;
}
